
Microsoft Visual Studio Solution File, Format Version 12.00
# Visual Studio Version 16
VisualStudioVersion = 16.0.30406.217
MinimumVisualStudioVersion = 10.0.40219.1
Project("{F184B08F-C81C-45F6-A57F-5ABD9991F28F}") = "InteropTest", "Test Projects\InteropTest\InteropTest.vbproj", "{927BCEBC-9E55-41F8-805E-511E40C9368C}"
EndProject
Project("{2150E333-8FDC-42A3-9474-1A3956D46DE8}") = "Test Projects", "Test Projects", "{77C75769-400E-4ED0-A2CB-DE8BAA2483CA}"
EndProject
Project("{2150E333-8FDC-42A3-9474-1A3956D46DE8}") = "DataTools", "DataTools", "{215D9A2F-FA81-409D-A256-5B6DF205AC9E}"
EndProject
Project("{F184B08F-C81C-45F6-A57F-5ABD9991F28F}") = "DTCore", "DTCore\DTCore.vbproj", "{254AD7B9-4120-47B3-A8F5-23548D22A93F}"
EndProject
Project("{F184B08F-C81C-45F6-A57F-5ABD9991F28F}") = "DTInterop", "DTInterop\DTInterop.vbproj", "{FBE303A8-9852-49B1-811E-3D118B948E31}"
EndProject
Project("{F184B08F-C81C-45F6-A57F-5ABD9991F28F}") = "FSMonitorTest", "Test Projects\FSMonitorTest\FSMonitorTest\FSMonitorTest.vbproj", "{39D47036-FABA-4E0F-8210-FFB18031F371}"
EndProject
Project("{F184B08F-C81C-45F6-A57F-5ABD9991F28F}") = "DTMath", "DTMath\DTMath.vbproj", "{EE44CA63-B163-4C90-B4CA-49A813B36A53}"
EndProject
Global
	GlobalSection(SolutionConfigurationPlatforms) = preSolution
		Debug|Any CPU = Debug|Any CPU
		Debug|x64 = Debug|x64
		Debug|x86 = Debug|x86
		Release|Any CPU = Release|Any CPU
		Release|x64 = Release|x64
		Release|x86 = Release|x86
	EndGlobalSection
	GlobalSection(ProjectConfigurationPlatforms) = postSolution
		{927BCEBC-9E55-41F8-805E-511E40C9368C}.Debug|Any CPU.ActiveCfg = Debug|Any CPU
		{927BCEBC-9E55-41F8-805E-511E40C9368C}.Debug|Any CPU.Build.0 = Debug|Any CPU
		{927BCEBC-9E55-41F8-805E-511E40C9368C}.Debug|x64.ActiveCfg = Debug|x64
		{927BCEBC-9E55-41F8-805E-511E40C9368C}.Debug|x64.Build.0 = Debug|x64
		{927BCEBC-9E55-41F8-805E-511E40C9368C}.Debug|x86.ActiveCfg = Debug|x86
		{927BCEBC-9E55-41F8-805E-511E40C9368C}.Debug|x86.Build.0 = Debug|x86
		{927BCEBC-9E55-41F8-805E-511E40C9368C}.Release|Any CPU.ActiveCfg = Release|Any CPU
		{927BCEBC-9E55-41F8-805E-511E40C9368C}.Release|Any CPU.Build.0 = Release|Any CPU
		{927BCEBC-9E55-41F8-805E-511E40C9368C}.Release|x64.ActiveCfg = Release|x64
		{927BCEBC-9E55-41F8-805E-511E40C9368C}.Release|x64.Build.0 = Release|x64
		{927BCEBC-9E55-41F8-805E-511E40C9368C}.Release|x86.ActiveCfg = Release|x86
		{927BCEBC-9E55-41F8-805E-511E40C9368C}.Release|x86.Build.0 = Release|x86
		{254AD7B9-4120-47B3-A8F5-23548D22A93F}.Debug|Any CPU.ActiveCfg = Debug|Any CPU
		{254AD7B9-4120-47B3-A8F5-23548D22A93F}.Debug|Any CPU.Build.0 = Debug|Any CPU
		{254AD7B9-4120-47B3-A8F5-23548D22A93F}.Debug|x64.ActiveCfg = Debug|x64
		{254AD7B9-4120-47B3-A8F5-23548D22A93F}.Debug|x64.Build.0 = Debug|x64
		{254AD7B9-4120-47B3-A8F5-23548D22A93F}.Debug|x86.ActiveCfg = Debug|x86
		{254AD7B9-4120-47B3-A8F5-23548D22A93F}.Debug|x86.Build.0 = Debug|x86
		{254AD7B9-4120-47B3-A8F5-23548D22A93F}.Release|Any CPU.ActiveCfg = Release|Any CPU
		{254AD7B9-4120-47B3-A8F5-23548D22A93F}.Release|Any CPU.Build.0 = Release|Any CPU
		{254AD7B9-4120-47B3-A8F5-23548D22A93F}.Release|x64.ActiveCfg = Release|x64
		{254AD7B9-4120-47B3-A8F5-23548D22A93F}.Release|x64.Build.0 = Release|x64
		{254AD7B9-4120-47B3-A8F5-23548D22A93F}.Release|x86.ActiveCfg = Release|x86
		{254AD7B9-4120-47B3-A8F5-23548D22A93F}.Release|x86.Build.0 = Release|x86
		{FBE303A8-9852-49B1-811E-3D118B948E31}.Debug|Any CPU.ActiveCfg = Debug|Any CPU
		{FBE303A8-9852-49B1-811E-3D118B948E31}.Debug|Any CPU.Build.0 = Debug|Any CPU
		{FBE303A8-9852-49B1-811E-3D118B948E31}.Debug|x64.ActiveCfg = Debug|x64
		{FBE303A8-9852-49B1-811E-3D118B948E31}.Debug|x64.Build.0 = Debug|x64
		{FBE303A8-9852-49B1-811E-3D118B948E31}.Debug|x86.ActiveCfg = Debug|x86
		{FBE303A8-9852-49B1-811E-3D118B948E31}.Debug|x86.Build.0 = Debug|x86
		{FBE303A8-9852-49B1-811E-3D118B948E31}.Release|Any CPU.ActiveCfg = Release|Any CPU
		{FBE303A8-9852-49B1-811E-3D118B948E31}.Release|Any CPU.Build.0 = Release|Any CPU
		{FBE303A8-9852-49B1-811E-3D118B948E31}.Release|x64.ActiveCfg = Release|x64
		{FBE303A8-9852-49B1-811E-3D118B948E31}.Release|x64.Build.0 = Release|x64
		{FBE303A8-9852-49B1-811E-3D118B948E31}.Release|x86.ActiveCfg = Release|x86
		{FBE303A8-9852-49B1-811E-3D118B948E31}.Release|x86.Build.0 = Release|x86
		{39D47036-FABA-4E0F-8210-FFB18031F371}.Debug|Any CPU.ActiveCfg = Debug|Any CPU
		{39D47036-FABA-4E0F-8210-FFB18031F371}.Debug|Any CPU.Build.0 = Debug|Any CPU
		{39D47036-FABA-4E0F-8210-FFB18031F371}.Debug|x64.ActiveCfg = Debug|x64
		{39D47036-FABA-4E0F-8210-FFB18031F371}.Debug|x64.Build.0 = Debug|x64
		{39D47036-FABA-4E0F-8210-FFB18031F371}.Debug|x86.ActiveCfg = Debug|x86
		{39D47036-FABA-4E0F-8210-FFB18031F371}.Debug|x86.Build.0 = Debug|x86
		{39D47036-FABA-4E0F-8210-FFB18031F371}.Release|Any CPU.ActiveCfg = Release|Any CPU
		{39D47036-FABA-4E0F-8210-FFB18031F371}.Release|Any CPU.Build.0 = Release|Any CPU
		{39D47036-FABA-4E0F-8210-FFB18031F371}.Release|x64.ActiveCfg = Release|x64
		{39D47036-FABA-4E0F-8210-FFB18031F371}.Release|x64.Build.0 = Release|x64
		{39D47036-FABA-4E0F-8210-FFB18031F371}.Release|x86.ActiveCfg = Release|x86
		{39D47036-FABA-4E0F-8210-FFB18031F371}.Release|x86.Build.0 = Release|x86
		{EE44CA63-B163-4C90-B4CA-49A813B36A53}.Debug|Any CPU.ActiveCfg = Debug|Any CPU
		{EE44CA63-B163-4C90-B4CA-49A813B36A53}.Debug|Any CPU.Build.0 = Debug|Any CPU
		{EE44CA63-B163-4C90-B4CA-49A813B36A53}.Debug|x64.ActiveCfg = Debug|x64
		{EE44CA63-B163-4C90-B4CA-49A813B36A53}.Debug|x64.Build.0 = Debug|x64
		{EE44CA63-B163-4C90-B4CA-49A813B36A53}.Debug|x86.ActiveCfg = Debug|x86
		{EE44CA63-B163-4C90-B4CA-49A813B36A53}.Debug|x86.Build.0 = Debug|x86
		{EE44CA63-B163-4C90-B4CA-49A813B36A53}.Release|Any CPU.ActiveCfg = Release|Any CPU
		{EE44CA63-B163-4C90-B4CA-49A813B36A53}.Release|Any CPU.Build.0 = Release|Any CPU
		{EE44CA63-B163-4C90-B4CA-49A813B36A53}.Release|x64.ActiveCfg = Release|x64
		{EE44CA63-B163-4C90-B4CA-49A813B36A53}.Release|x64.Build.0 = Release|x64
		{EE44CA63-B163-4C90-B4CA-49A813B36A53}.Release|x86.ActiveCfg = Release|x86
		{EE44CA63-B163-4C90-B4CA-49A813B36A53}.Release|x86.Build.0 = Release|x86
	EndGlobalSection
	GlobalSection(SolutionProperties) = preSolution
		HideSolutionNode = FALSE
	EndGlobalSection
	GlobalSection(NestedProjects) = preSolution
		{927BCEBC-9E55-41F8-805E-511E40C9368C} = {77C75769-400E-4ED0-A2CB-DE8BAA2483CA}
		{254AD7B9-4120-47B3-A8F5-23548D22A93F} = {215D9A2F-FA81-409D-A256-5B6DF205AC9E}
		{FBE303A8-9852-49B1-811E-3D118B948E31} = {215D9A2F-FA81-409D-A256-5B6DF205AC9E}
		{39D47036-FABA-4E0F-8210-FFB18031F371} = {77C75769-400E-4ED0-A2CB-DE8BAA2483CA}
		{EE44CA63-B163-4C90-B4CA-49A813B36A53} = {215D9A2F-FA81-409D-A256-5B6DF205AC9E}
	EndGlobalSection
	GlobalSection(ExtensibilityGlobals) = postSolution
		SolutionGuid = {B93CC9B9-C39E-4079-A2AA-B5F345B277BC}
	EndGlobalSection
EndGlobal
